
Microsoft Visual Studio Solution File, Format Version 12.00
# Visual Studio Version 17
VisualStudioVersion = 17.2.32602.215
MinimumVisualStudioVersion = 10.0.40219.1
Project("{FAE04EC0-301F-11D3-BF4B-00C04F79EFBC}") = "Exam", "Exam\Exam.csproj", "{652C1EF5-FB5E-435C-A11B-26FA0BB9DC7A}"
EndProject
Global
	GlobalSection(SolutionConfigurationPlatforms) = preSolution
		Debug|Any CPU = Debug|Any CPU
		Release|Any CPU = Release|Any CPU
	EndGlobalSection
	GlobalSection(ProjectConfigurationPlatforms) = postSolution
		{652C1EF5-FB5E-435C-A11B-26FA0BB9DC7A}.Debug|Any CPU.ActiveCfg = Debug|Any CPU
		{652C1EF5-FB5E-435C-A11B-26FA0BB9DC7A}.Debug|Any CPU.Build.0 = Debug|Any CPU
		{652C1EF5-FB5E-435C-A11B-26FA0BB9DC7A}.Release|Any CPU.ActiveCfg = Release|Any CPU
		{652C1EF5-FB5E-435C-A11B-26FA0BB9DC7A}.Release|Any CPU.Build.0 = Release|Any CPU
	EndGlobalSection
	GlobalSection(SolutionProperties) = preSolution
		HideSolutionNode = FALSE
	EndGlobalSection
	GlobalSection(ExtensibilityGlobals) = postSolution
		SolutionGuid = {9CE0F2DE-F343-4734-BDD2-065A79D7485F}
	EndGlobalSection
EndGlobal
