
Microsoft Visual Studio Solution File, Format Version 12.00
# Visual Studio Version 17
VisualStudioVersion = 17.2.32602.215
MinimumVisualStudioVersion = 10.0.40219.1
Project("{FAE04EC0-301F-11D3-BF4B-00C04F79EFBC}") = "Array-Anlphabet", "Array-Anlphabet\Array-Anlphabet.csproj", "{4187A1C0-6D84-4871-94A5-7450C49AA07C}"
EndProject
Global
	GlobalSection(SolutionConfigurationPlatforms) = preSolution
		Debug|Any CPU = Debug|Any CPU
		Release|Any CPU = Release|Any CPU
	EndGlobalSection
	GlobalSection(ProjectConfigurationPlatforms) = postSolution
		{4187A1C0-6D84-4871-94A5-7450C49AA07C}.Debug|Any CPU.ActiveCfg = Debug|Any CPU
		{4187A1C0-6D84-4871-94A5-7450C49AA07C}.Debug|Any CPU.Build.0 = Debug|Any CPU
		{4187A1C0-6D84-4871-94A5-7450C49AA07C}.Release|Any CPU.ActiveCfg = Release|Any CPU
		{4187A1C0-6D84-4871-94A5-7450C49AA07C}.Release|Any CPU.Build.0 = Release|Any CPU
	EndGlobalSection
	GlobalSection(SolutionProperties) = preSolution
		HideSolutionNode = FALSE
	EndGlobalSection
	GlobalSection(ExtensibilityGlobals) = postSolution
		SolutionGuid = {CAA2BCC9-306B-49DA-BD6F-CEAEB565A25C}
	EndGlobalSection
EndGlobal
