
Microsoft Visual Studio Solution File, Format Version 12.00
# Visual Studio Version 17
VisualStudioVersion = 17.2.32602.215
MinimumVisualStudioVersion = 10.0.40219.1
Project("{9A19103F-16F7-4668-BE54-9A1E7A4F7556}") = "vd1", "sesion6\vd1.csproj", "{A73662D4-159A-493F-9488-710FF66952B9}"
EndProject
Project("{9A19103F-16F7-4668-BE54-9A1E7A4F7556}") = "vd2", "vd2\vd2.csproj", "{2DE95E29-D9C6-40F7-98C3-DB576B7E2AAC}"
EndProject
Project("{9A19103F-16F7-4668-BE54-9A1E7A4F7556}") = "vd3", "vd3\vd3.csproj", "{46C50BB1-31CA-4EDD-A6D8-4D3FCCF95A6D}"
EndProject
Project("{9A19103F-16F7-4668-BE54-9A1E7A4F7556}") = "vd4", "vd4\vd4.csproj", "{6F80C444-3458-4109-B9FC-7BC8D5ED599B}"
EndProject
Project("{FAE04EC0-301F-11D3-BF4B-00C04F79EFBC}") = "vd5", "vd5\vd5.csproj", "{43E67AD6-660F-4522-98D8-8993832276BB}"
EndProject
Project("{FAE04EC0-301F-11D3-BF4B-00C04F79EFBC}") = "vd6", "vd6\vd6.csproj", "{0294E1F2-4141-47B3-847C-5DED7DEF2263}"
EndProject
Project("{FAE04EC0-301F-11D3-BF4B-00C04F79EFBC}") = "vd7", "vd7\vd7.csproj", "{382CD5EE-2603-4260-A766-A6374F2810CA}"
EndProject
Project("{FAE04EC0-301F-11D3-BF4B-00C04F79EFBC}") = "vd8", "vd8\vd8.csproj", "{40DB9821-1992-4E03-A2D9-270D08691722}"
EndProject
Project("{FAE04EC0-301F-11D3-BF4B-00C04F79EFBC}") = "vd9", "vd9\vd9.csproj", "{0B7FF40E-B6F0-41DB-BB64-8A93858C17FE}"
EndProject
Project("{FAE04EC0-301F-11D3-BF4B-00C04F79EFBC}") = "vd10", "vd10\vd10.csproj", "{9570D9F1-8DAF-49E8-B0A3-2D0204817AE5}"
EndProject
Project("{FAE04EC0-301F-11D3-BF4B-00C04F79EFBC}") = "vd11", "vd11\vd11.csproj", "{9A416807-B173-472B-B099-91E3A848BC91}"
EndProject
Project("{FAE04EC0-301F-11D3-BF4B-00C04F79EFBC}") = "vd12", "vd12\vd12.csproj", "{2546743A-A8EB-4A82-B0D7-832729C419D6}"
EndProject
Project("{FAE04EC0-301F-11D3-BF4B-00C04F79EFBC}") = "vd13", "vd13\vd13.csproj", "{B8D2497F-49F8-41AD-9AA4-70B525CD132D}"
EndProject
Global
	GlobalSection(SolutionConfigurationPlatforms) = preSolution
		Debug|Any CPU = Debug|Any CPU
		Release|Any CPU = Release|Any CPU
	EndGlobalSection
	GlobalSection(ProjectConfigurationPlatforms) = postSolution
		{A73662D4-159A-493F-9488-710FF66952B9}.Debug|Any CPU.ActiveCfg = Debug|Any CPU
		{A73662D4-159A-493F-9488-710FF66952B9}.Debug|Any CPU.Build.0 = Debug|Any CPU
		{A73662D4-159A-493F-9488-710FF66952B9}.Release|Any CPU.ActiveCfg = Release|Any CPU
		{A73662D4-159A-493F-9488-710FF66952B9}.Release|Any CPU.Build.0 = Release|Any CPU
		{2DE95E29-D9C6-40F7-98C3-DB576B7E2AAC}.Debug|Any CPU.ActiveCfg = Debug|Any CPU
		{2DE95E29-D9C6-40F7-98C3-DB576B7E2AAC}.Debug|Any CPU.Build.0 = Debug|Any CPU
		{2DE95E29-D9C6-40F7-98C3-DB576B7E2AAC}.Release|Any CPU.ActiveCfg = Release|Any CPU
		{2DE95E29-D9C6-40F7-98C3-DB576B7E2AAC}.Release|Any CPU.Build.0 = Release|Any CPU
		{46C50BB1-31CA-4EDD-A6D8-4D3FCCF95A6D}.Debug|Any CPU.ActiveCfg = Debug|Any CPU
		{46C50BB1-31CA-4EDD-A6D8-4D3FCCF95A6D}.Debug|Any CPU.Build.0 = Debug|Any CPU
		{46C50BB1-31CA-4EDD-A6D8-4D3FCCF95A6D}.Release|Any CPU.ActiveCfg = Release|Any CPU
		{46C50BB1-31CA-4EDD-A6D8-4D3FCCF95A6D}.Release|Any CPU.Build.0 = Release|Any CPU
		{6F80C444-3458-4109-B9FC-7BC8D5ED599B}.Debug|Any CPU.ActiveCfg = Debug|Any CPU
		{6F80C444-3458-4109-B9FC-7BC8D5ED599B}.Debug|Any CPU.Build.0 = Debug|Any CPU
		{6F80C444-3458-4109-B9FC-7BC8D5ED599B}.Release|Any CPU.ActiveCfg = Release|Any CPU
		{6F80C444-3458-4109-B9FC-7BC8D5ED599B}.Release|Any CPU.Build.0 = Release|Any CPU
		{43E67AD6-660F-4522-98D8-8993832276BB}.Debug|Any CPU.ActiveCfg = Debug|Any CPU
		{43E67AD6-660F-4522-98D8-8993832276BB}.Debug|Any CPU.Build.0 = Debug|Any CPU
		{43E67AD6-660F-4522-98D8-8993832276BB}.Release|Any CPU.ActiveCfg = Release|Any CPU
		{43E67AD6-660F-4522-98D8-8993832276BB}.Release|Any CPU.Build.0 = Release|Any CPU
		{0294E1F2-4141-47B3-847C-5DED7DEF2263}.Debug|Any CPU.ActiveCfg = Debug|Any CPU
		{0294E1F2-4141-47B3-847C-5DED7DEF2263}.Debug|Any CPU.Build.0 = Debug|Any CPU
		{0294E1F2-4141-47B3-847C-5DED7DEF2263}.Release|Any CPU.ActiveCfg = Release|Any CPU
		{0294E1F2-4141-47B3-847C-5DED7DEF2263}.Release|Any CPU.Build.0 = Release|Any CPU
		{382CD5EE-2603-4260-A766-A6374F2810CA}.Debug|Any CPU.ActiveCfg = Debug|Any CPU
		{382CD5EE-2603-4260-A766-A6374F2810CA}.Debug|Any CPU.Build.0 = Debug|Any CPU
		{382CD5EE-2603-4260-A766-A6374F2810CA}.Release|Any CPU.ActiveCfg = Release|Any CPU
		{382CD5EE-2603-4260-A766-A6374F2810CA}.Release|Any CPU.Build.0 = Release|Any CPU
		{40DB9821-1992-4E03-A2D9-270D08691722}.Debug|Any CPU.ActiveCfg = Debug|Any CPU
		{40DB9821-1992-4E03-A2D9-270D08691722}.Debug|Any CPU.Build.0 = Debug|Any CPU
		{40DB9821-1992-4E03-A2D9-270D08691722}.Release|Any CPU.ActiveCfg = Release|Any CPU
		{40DB9821-1992-4E03-A2D9-270D08691722}.Release|Any CPU.Build.0 = Release|Any CPU
		{0B7FF40E-B6F0-41DB-BB64-8A93858C17FE}.Debug|Any CPU.ActiveCfg = Debug|Any CPU
		{0B7FF40E-B6F0-41DB-BB64-8A93858C17FE}.Debug|Any CPU.Build.0 = Debug|Any CPU
		{0B7FF40E-B6F0-41DB-BB64-8A93858C17FE}.Release|Any CPU.ActiveCfg = Release|Any CPU
		{0B7FF40E-B6F0-41DB-BB64-8A93858C17FE}.Release|Any CPU.Build.0 = Release|Any CPU
		{9570D9F1-8DAF-49E8-B0A3-2D0204817AE5}.Debug|Any CPU.ActiveCfg = Debug|Any CPU
		{9570D9F1-8DAF-49E8-B0A3-2D0204817AE5}.Debug|Any CPU.Build.0 = Debug|Any CPU
		{9570D9F1-8DAF-49E8-B0A3-2D0204817AE5}.Release|Any CPU.ActiveCfg = Release|Any CPU
		{9570D9F1-8DAF-49E8-B0A3-2D0204817AE5}.Release|Any CPU.Build.0 = Release|Any CPU
		{9A416807-B173-472B-B099-91E3A848BC91}.Debug|Any CPU.ActiveCfg = Debug|Any CPU
		{9A416807-B173-472B-B099-91E3A848BC91}.Debug|Any CPU.Build.0 = Debug|Any CPU
		{9A416807-B173-472B-B099-91E3A848BC91}.Release|Any CPU.ActiveCfg = Release|Any CPU
		{9A416807-B173-472B-B099-91E3A848BC91}.Release|Any CPU.Build.0 = Release|Any CPU
		{2546743A-A8EB-4A82-B0D7-832729C419D6}.Debug|Any CPU.ActiveCfg = Debug|Any CPU
		{2546743A-A8EB-4A82-B0D7-832729C419D6}.Debug|Any CPU.Build.0 = Debug|Any CPU
		{2546743A-A8EB-4A82-B0D7-832729C419D6}.Release|Any CPU.ActiveCfg = Release|Any CPU
		{2546743A-A8EB-4A82-B0D7-832729C419D6}.Release|Any CPU.Build.0 = Release|Any CPU
		{B8D2497F-49F8-41AD-9AA4-70B525CD132D}.Debug|Any CPU.ActiveCfg = Debug|Any CPU
		{B8D2497F-49F8-41AD-9AA4-70B525CD132D}.Debug|Any CPU.Build.0 = Debug|Any CPU
		{B8D2497F-49F8-41AD-9AA4-70B525CD132D}.Release|Any CPU.ActiveCfg = Release|Any CPU
		{B8D2497F-49F8-41AD-9AA4-70B525CD132D}.Release|Any CPU.Build.0 = Release|Any CPU
	EndGlobalSection
	GlobalSection(SolutionProperties) = preSolution
		HideSolutionNode = FALSE
	EndGlobalSection
	GlobalSection(ExtensibilityGlobals) = postSolution
		SolutionGuid = {76497FE2-A7E3-4515-9EF6-7B32A43A3BB9}
	EndGlobalSection
EndGlobal
