
Microsoft Visual Studio Solution File, Format Version 12.00
# Visual Studio Version 17
VisualStudioVersion = 17.2.32602.215
MinimumVisualStudioVersion = 10.0.40219.1
Project("{FAE04EC0-301F-11D3-BF4B-00C04F79EFBC}") = "vd1", "Sesion4(book)\vd1.csproj", "{483E4278-9CC4-4C6B-8423-2BA8262BB9EE}"
EndProject
Project("{FAE04EC0-301F-11D3-BF4B-00C04F79EFBC}") = "vd2", "vd2\vd2.csproj", "{F0B491A0-DBDA-48DF-82AE-180681D2F76A}"
EndProject
Project("{FAE04EC0-301F-11D3-BF4B-00C04F79EFBC}") = "vd3", "vd3\vd3.csproj", "{2A8EFE0B-89BD-493F-9381-50A90C23CFEB}"
EndProject
Project("{FAE04EC0-301F-11D3-BF4B-00C04F79EFBC}") = "vd4", "vd4\vd4.csproj", "{758240C9-8C3B-4926-817B-7A761AF1D6AA}"
EndProject
Project("{FAE04EC0-301F-11D3-BF4B-00C04F79EFBC}") = "vd5", "vd5\vd5.csproj", "{36D70FF1-17CA-4D9C-872F-FA02C468CAAE}"
EndProject
Project("{FAE04EC0-301F-11D3-BF4B-00C04F79EFBC}") = "vd6", "vd6\vd6.csproj", "{FEE78972-D7A9-436B-B726-7DBF3298B46F}"
EndProject
Project("{FAE04EC0-301F-11D3-BF4B-00C04F79EFBC}") = "vd7", "vd7\vd7.csproj", "{906C3103-641A-482C-B2A6-2D3B9E3AB210}"
EndProject
Project("{FAE04EC0-301F-11D3-BF4B-00C04F79EFBC}") = "vd8", "vd8\vd8.csproj", "{CE0B5C7D-6404-4A7C-B107-75092CCA17BE}"
EndProject
Project("{FAE04EC0-301F-11D3-BF4B-00C04F79EFBC}") = "vd9", "vd9\vd9.csproj", "{4A74D651-0A7E-42D8-8192-F3F1A1611ED7}"
EndProject
Project("{FAE04EC0-301F-11D3-BF4B-00C04F79EFBC}") = "vd10", "vd10\vd10.csproj", "{2422FE46-5632-4951-BBB6-CA9CF4DE5122}"
EndProject
Project("{FAE04EC0-301F-11D3-BF4B-00C04F79EFBC}") = "vd11", "vd11\vd11.csproj", "{394BD76B-DA21-47F9-A473-51FBF58E8B2B}"
EndProject
Project("{FAE04EC0-301F-11D3-BF4B-00C04F79EFBC}") = "vd12", "vd12\vd12.csproj", "{1B87A7FD-F86F-43A6-A290-2114AE9338E2}"
EndProject
Project("{FAE04EC0-301F-11D3-BF4B-00C04F79EFBC}") = "vd13", "vd13\vd13.csproj", "{6919F71A-FB92-4726-816C-F92A47FAEB75}"
EndProject
Project("{FAE04EC0-301F-11D3-BF4B-00C04F79EFBC}") = "vd14", "vd14\vd14.csproj", "{0D987255-FA3E-4E2C-ACB5-3788F46DFBA0}"
EndProject
Project("{FAE04EC0-301F-11D3-BF4B-00C04F79EFBC}") = "vd15", "vd15\vd15.csproj", "{4671B585-497D-44AE-A406-0CB8CBD75DDC}"
EndProject
Project("{FAE04EC0-301F-11D3-BF4B-00C04F79EFBC}") = "vd16", "vd16\vd16.csproj", "{BCEE8AC0-C0CF-4FDD-A835-DCEEBB8C27A6}"
EndProject
Project("{FAE04EC0-301F-11D3-BF4B-00C04F79EFBC}") = "vd17", "vd17\vd17.csproj", "{A27B6F5D-B2CE-4E09-AFE1-83651AAA325C}"
EndProject
Project("{FAE04EC0-301F-11D3-BF4B-00C04F79EFBC}") = "vd18", "vd18\vd18.csproj", "{9011EF14-F0EA-4389-A5D5-BAE3F839C7AF}"
EndProject
Project("{FAE04EC0-301F-11D3-BF4B-00C04F79EFBC}") = "vd19", "vd19\vd19.csproj", "{82B6EBDC-DD90-496D-91A9-418537ED8D16}"
EndProject
Project("{FAE04EC0-301F-11D3-BF4B-00C04F79EFBC}") = "vd20", "vd20\vd20.csproj", "{2E271CFB-9FAF-492B-827C-663AD358FC6E}"
EndProject
Project("{FAE04EC0-301F-11D3-BF4B-00C04F79EFBC}") = "vd21", "vd21\vd21.csproj", "{183092C3-971C-4546-BE00-1448554582D3}"
EndProject
Project("{FAE04EC0-301F-11D3-BF4B-00C04F79EFBC}") = "vd22", "vd22\vd22.csproj", "{2C9588A0-AA2F-4712-8AF3-9A3C73B3B733}"
EndProject
Project("{FAE04EC0-301F-11D3-BF4B-00C04F79EFBC}") = "vd23", "vd23\vd23.csproj", "{22D61815-B298-40D9-832F-D886EDCDDDA5}"
EndProject
Project("{FAE04EC0-301F-11D3-BF4B-00C04F79EFBC}") = "vd24", "vd24\vd24.csproj", "{7A216DA0-4EF9-4864-A456-38897B8C7C66}"
EndProject
Global
	GlobalSection(SolutionConfigurationPlatforms) = preSolution
		Debug|Any CPU = Debug|Any CPU
		Release|Any CPU = Release|Any CPU
	EndGlobalSection
	GlobalSection(ProjectConfigurationPlatforms) = postSolution
		{483E4278-9CC4-4C6B-8423-2BA8262BB9EE}.Debug|Any CPU.ActiveCfg = Debug|Any CPU
		{483E4278-9CC4-4C6B-8423-2BA8262BB9EE}.Debug|Any CPU.Build.0 = Debug|Any CPU
		{483E4278-9CC4-4C6B-8423-2BA8262BB9EE}.Release|Any CPU.ActiveCfg = Release|Any CPU
		{483E4278-9CC4-4C6B-8423-2BA8262BB9EE}.Release|Any CPU.Build.0 = Release|Any CPU
		{F0B491A0-DBDA-48DF-82AE-180681D2F76A}.Debug|Any CPU.ActiveCfg = Debug|Any CPU
		{F0B491A0-DBDA-48DF-82AE-180681D2F76A}.Debug|Any CPU.Build.0 = Debug|Any CPU
		{F0B491A0-DBDA-48DF-82AE-180681D2F76A}.Release|Any CPU.ActiveCfg = Release|Any CPU
		{F0B491A0-DBDA-48DF-82AE-180681D2F76A}.Release|Any CPU.Build.0 = Release|Any CPU
		{2A8EFE0B-89BD-493F-9381-50A90C23CFEB}.Debug|Any CPU.ActiveCfg = Debug|Any CPU
		{2A8EFE0B-89BD-493F-9381-50A90C23CFEB}.Debug|Any CPU.Build.0 = Debug|Any CPU
		{2A8EFE0B-89BD-493F-9381-50A90C23CFEB}.Release|Any CPU.ActiveCfg = Release|Any CPU
		{2A8EFE0B-89BD-493F-9381-50A90C23CFEB}.Release|Any CPU.Build.0 = Release|Any CPU
		{758240C9-8C3B-4926-817B-7A761AF1D6AA}.Debug|Any CPU.ActiveCfg = Debug|Any CPU
		{758240C9-8C3B-4926-817B-7A761AF1D6AA}.Debug|Any CPU.Build.0 = Debug|Any CPU
		{758240C9-8C3B-4926-817B-7A761AF1D6AA}.Release|Any CPU.ActiveCfg = Release|Any CPU
		{758240C9-8C3B-4926-817B-7A761AF1D6AA}.Release|Any CPU.Build.0 = Release|Any CPU
		{36D70FF1-17CA-4D9C-872F-FA02C468CAAE}.Debug|Any CPU.ActiveCfg = Debug|Any CPU
		{36D70FF1-17CA-4D9C-872F-FA02C468CAAE}.Debug|Any CPU.Build.0 = Debug|Any CPU
		{36D70FF1-17CA-4D9C-872F-FA02C468CAAE}.Release|Any CPU.ActiveCfg = Release|Any CPU
		{36D70FF1-17CA-4D9C-872F-FA02C468CAAE}.Release|Any CPU.Build.0 = Release|Any CPU
		{FEE78972-D7A9-436B-B726-7DBF3298B46F}.Debug|Any CPU.ActiveCfg = Debug|Any CPU
		{FEE78972-D7A9-436B-B726-7DBF3298B46F}.Debug|Any CPU.Build.0 = Debug|Any CPU
		{FEE78972-D7A9-436B-B726-7DBF3298B46F}.Release|Any CPU.ActiveCfg = Release|Any CPU
		{FEE78972-D7A9-436B-B726-7DBF3298B46F}.Release|Any CPU.Build.0 = Release|Any CPU
		{906C3103-641A-482C-B2A6-2D3B9E3AB210}.Debug|Any CPU.ActiveCfg = Debug|Any CPU
		{906C3103-641A-482C-B2A6-2D3B9E3AB210}.Debug|Any CPU.Build.0 = Debug|Any CPU
		{906C3103-641A-482C-B2A6-2D3B9E3AB210}.Release|Any CPU.ActiveCfg = Release|Any CPU
		{906C3103-641A-482C-B2A6-2D3B9E3AB210}.Release|Any CPU.Build.0 = Release|Any CPU
		{CE0B5C7D-6404-4A7C-B107-75092CCA17BE}.Debug|Any CPU.ActiveCfg = Debug|Any CPU
		{CE0B5C7D-6404-4A7C-B107-75092CCA17BE}.Debug|Any CPU.Build.0 = Debug|Any CPU
		{CE0B5C7D-6404-4A7C-B107-75092CCA17BE}.Release|Any CPU.ActiveCfg = Release|Any CPU
		{CE0B5C7D-6404-4A7C-B107-75092CCA17BE}.Release|Any CPU.Build.0 = Release|Any CPU
		{4A74D651-0A7E-42D8-8192-F3F1A1611ED7}.Debug|Any CPU.ActiveCfg = Debug|Any CPU
		{4A74D651-0A7E-42D8-8192-F3F1A1611ED7}.Debug|Any CPU.Build.0 = Debug|Any CPU
		{4A74D651-0A7E-42D8-8192-F3F1A1611ED7}.Release|Any CPU.ActiveCfg = Release|Any CPU
		{4A74D651-0A7E-42D8-8192-F3F1A1611ED7}.Release|Any CPU.Build.0 = Release|Any CPU
		{2422FE46-5632-4951-BBB6-CA9CF4DE5122}.Debug|Any CPU.ActiveCfg = Debug|Any CPU
		{2422FE46-5632-4951-BBB6-CA9CF4DE5122}.Debug|Any CPU.Build.0 = Debug|Any CPU
		{2422FE46-5632-4951-BBB6-CA9CF4DE5122}.Release|Any CPU.ActiveCfg = Release|Any CPU
		{2422FE46-5632-4951-BBB6-CA9CF4DE5122}.Release|Any CPU.Build.0 = Release|Any CPU
		{394BD76B-DA21-47F9-A473-51FBF58E8B2B}.Debug|Any CPU.ActiveCfg = Debug|Any CPU
		{394BD76B-DA21-47F9-A473-51FBF58E8B2B}.Debug|Any CPU.Build.0 = Debug|Any CPU
		{394BD76B-DA21-47F9-A473-51FBF58E8B2B}.Release|Any CPU.ActiveCfg = Release|Any CPU
		{394BD76B-DA21-47F9-A473-51FBF58E8B2B}.Release|Any CPU.Build.0 = Release|Any CPU
		{1B87A7FD-F86F-43A6-A290-2114AE9338E2}.Debug|Any CPU.ActiveCfg = Debug|Any CPU
		{1B87A7FD-F86F-43A6-A290-2114AE9338E2}.Debug|Any CPU.Build.0 = Debug|Any CPU
		{1B87A7FD-F86F-43A6-A290-2114AE9338E2}.Release|Any CPU.ActiveCfg = Release|Any CPU
		{1B87A7FD-F86F-43A6-A290-2114AE9338E2}.Release|Any CPU.Build.0 = Release|Any CPU
		{6919F71A-FB92-4726-816C-F92A47FAEB75}.Debug|Any CPU.ActiveCfg = Debug|Any CPU
		{6919F71A-FB92-4726-816C-F92A47FAEB75}.Debug|Any CPU.Build.0 = Debug|Any CPU
		{6919F71A-FB92-4726-816C-F92A47FAEB75}.Release|Any CPU.ActiveCfg = Release|Any CPU
		{6919F71A-FB92-4726-816C-F92A47FAEB75}.Release|Any CPU.Build.0 = Release|Any CPU
		{0D987255-FA3E-4E2C-ACB5-3788F46DFBA0}.Debug|Any CPU.ActiveCfg = Debug|Any CPU
		{0D987255-FA3E-4E2C-ACB5-3788F46DFBA0}.Debug|Any CPU.Build.0 = Debug|Any CPU
		{0D987255-FA3E-4E2C-ACB5-3788F46DFBA0}.Release|Any CPU.ActiveCfg = Release|Any CPU
		{0D987255-FA3E-4E2C-ACB5-3788F46DFBA0}.Release|Any CPU.Build.0 = Release|Any CPU
		{4671B585-497D-44AE-A406-0CB8CBD75DDC}.Debug|Any CPU.ActiveCfg = Debug|Any CPU
		{4671B585-497D-44AE-A406-0CB8CBD75DDC}.Debug|Any CPU.Build.0 = Debug|Any CPU
		{4671B585-497D-44AE-A406-0CB8CBD75DDC}.Release|Any CPU.ActiveCfg = Release|Any CPU
		{4671B585-497D-44AE-A406-0CB8CBD75DDC}.Release|Any CPU.Build.0 = Release|Any CPU
		{BCEE8AC0-C0CF-4FDD-A835-DCEEBB8C27A6}.Debug|Any CPU.ActiveCfg = Debug|Any CPU
		{BCEE8AC0-C0CF-4FDD-A835-DCEEBB8C27A6}.Debug|Any CPU.Build.0 = Debug|Any CPU
		{BCEE8AC0-C0CF-4FDD-A835-DCEEBB8C27A6}.Release|Any CPU.ActiveCfg = Release|Any CPU
		{BCEE8AC0-C0CF-4FDD-A835-DCEEBB8C27A6}.Release|Any CPU.Build.0 = Release|Any CPU
		{A27B6F5D-B2CE-4E09-AFE1-83651AAA325C}.Debug|Any CPU.ActiveCfg = Debug|Any CPU
		{A27B6F5D-B2CE-4E09-AFE1-83651AAA325C}.Debug|Any CPU.Build.0 = Debug|Any CPU
		{A27B6F5D-B2CE-4E09-AFE1-83651AAA325C}.Release|Any CPU.ActiveCfg = Release|Any CPU
		{A27B6F5D-B2CE-4E09-AFE1-83651AAA325C}.Release|Any CPU.Build.0 = Release|Any CPU
		{9011EF14-F0EA-4389-A5D5-BAE3F839C7AF}.Debug|Any CPU.ActiveCfg = Debug|Any CPU
		{9011EF14-F0EA-4389-A5D5-BAE3F839C7AF}.Debug|Any CPU.Build.0 = Debug|Any CPU
		{9011EF14-F0EA-4389-A5D5-BAE3F839C7AF}.Release|Any CPU.ActiveCfg = Release|Any CPU
		{9011EF14-F0EA-4389-A5D5-BAE3F839C7AF}.Release|Any CPU.Build.0 = Release|Any CPU
		{82B6EBDC-DD90-496D-91A9-418537ED8D16}.Debug|Any CPU.ActiveCfg = Debug|Any CPU
		{82B6EBDC-DD90-496D-91A9-418537ED8D16}.Debug|Any CPU.Build.0 = Debug|Any CPU
		{82B6EBDC-DD90-496D-91A9-418537ED8D16}.Release|Any CPU.ActiveCfg = Release|Any CPU
		{82B6EBDC-DD90-496D-91A9-418537ED8D16}.Release|Any CPU.Build.0 = Release|Any CPU
		{2E271CFB-9FAF-492B-827C-663AD358FC6E}.Debug|Any CPU.ActiveCfg = Debug|Any CPU
		{2E271CFB-9FAF-492B-827C-663AD358FC6E}.Debug|Any CPU.Build.0 = Debug|Any CPU
		{2E271CFB-9FAF-492B-827C-663AD358FC6E}.Release|Any CPU.ActiveCfg = Release|Any CPU
		{2E271CFB-9FAF-492B-827C-663AD358FC6E}.Release|Any CPU.Build.0 = Release|Any CPU
		{183092C3-971C-4546-BE00-1448554582D3}.Debug|Any CPU.ActiveCfg = Debug|Any CPU
		{183092C3-971C-4546-BE00-1448554582D3}.Debug|Any CPU.Build.0 = Debug|Any CPU
		{183092C3-971C-4546-BE00-1448554582D3}.Release|Any CPU.ActiveCfg = Release|Any CPU
		{183092C3-971C-4546-BE00-1448554582D3}.Release|Any CPU.Build.0 = Release|Any CPU
		{2C9588A0-AA2F-4712-8AF3-9A3C73B3B733}.Debug|Any CPU.ActiveCfg = Debug|Any CPU
		{2C9588A0-AA2F-4712-8AF3-9A3C73B3B733}.Debug|Any CPU.Build.0 = Debug|Any CPU
		{2C9588A0-AA2F-4712-8AF3-9A3C73B3B733}.Release|Any CPU.ActiveCfg = Release|Any CPU
		{2C9588A0-AA2F-4712-8AF3-9A3C73B3B733}.Release|Any CPU.Build.0 = Release|Any CPU
		{22D61815-B298-40D9-832F-D886EDCDDDA5}.Debug|Any CPU.ActiveCfg = Debug|Any CPU
		{22D61815-B298-40D9-832F-D886EDCDDDA5}.Debug|Any CPU.Build.0 = Debug|Any CPU
		{22D61815-B298-40D9-832F-D886EDCDDDA5}.Release|Any CPU.ActiveCfg = Release|Any CPU
		{22D61815-B298-40D9-832F-D886EDCDDDA5}.Release|Any CPU.Build.0 = Release|Any CPU
		{7A216DA0-4EF9-4864-A456-38897B8C7C66}.Debug|Any CPU.ActiveCfg = Debug|Any CPU
		{7A216DA0-4EF9-4864-A456-38897B8C7C66}.Debug|Any CPU.Build.0 = Debug|Any CPU
		{7A216DA0-4EF9-4864-A456-38897B8C7C66}.Release|Any CPU.ActiveCfg = Release|Any CPU
		{7A216DA0-4EF9-4864-A456-38897B8C7C66}.Release|Any CPU.Build.0 = Release|Any CPU
	EndGlobalSection
	GlobalSection(SolutionProperties) = preSolution
		HideSolutionNode = FALSE
	EndGlobalSection
	GlobalSection(ExtensibilityGlobals) = postSolution
		SolutionGuid = {89221E37-FC04-4516-B01D-875187A61310}
	EndGlobalSection
EndGlobal
